
Microsoft Visual Studio Solution File, Format Version 12.00
# Visual Studio 15
VisualStudioVersion = 15.0.26730.12
MinimumVisualStudioVersion = 10.0.40219.1
Project("{F184B08F-C81C-45F6-A57F-5ABD9991F28F}") = "HelloWpfApp", "HelloWpfApp\HelloWpfApp.vbproj", "{D615ABCE-3B46-465A-8767-8374F99FC7B2}"
EndProject
Global
	GlobalSection(SolutionConfigurationPlatforms) = preSolution
		Debug|Any CPU = Debug|Any CPU
		Release|Any CPU = Release|Any CPU
	EndGlobalSection
	GlobalSection(ProjectConfigurationPlatforms) = postSolution
		{D615ABCE-3B46-465A-8767-8374F99FC7B2}.Debug|Any CPU.ActiveCfg = Debug|Any CPU
		{D615ABCE-3B46-465A-8767-8374F99FC7B2}.Debug|Any CPU.Build.0 = Debug|Any CPU
		{D615ABCE-3B46-465A-8767-8374F99FC7B2}.Release|Any CPU.ActiveCfg = Release|Any CPU
		{D615ABCE-3B46-465A-8767-8374F99FC7B2}.Release|Any CPU.Build.0 = Release|Any CPU
	EndGlobalSection
	GlobalSection(SolutionProperties) = preSolution
		HideSolutionNode = FALSE
	EndGlobalSection
	GlobalSection(ExtensibilityGlobals) = postSolution
		SolutionGuid = {8E56BAA1-2EE1-4628-8E7D-91F2E3C7D475}
	EndGlobalSection
EndGlobal
